// !$*UTF8*$!
{
	archiveVersion = 1;
	classes = {
	};
	objectVersion = 50;
	objects = {

/* Begin PBXBuildFile section */
		9389429C21E668F300D16A7D /* MagicCollectionViewCell.swift in Sources */ = {isa = PBXBuildFile; fileRef = 9389429B21E668F300D16A7D /* MagicCollectionViewCell.swift */; };
		9389429E21E6690200D16A7D /* PokemonCollectionViewCell.swift in Sources */ = {isa = PBXBuildFile; fileRef = 9389429D21E6690200D16A7D /* PokemonCollectionViewCell.swift */; };
		938942A021E6692C00D16A7D /* DetailMagicViewController.swift in Sources */ = {isa = PBXBuildFile; fileRef = 9389429F21E6692C00D16A7D /* DetailMagicViewController.swift */; };
		938942A221E6693A00D16A7D /* DetailPokemonViewController.swift in Sources */ = {isa = PBXBuildFile; fileRef = 938942A121E6693A00D16A7D /* DetailPokemonViewController.swift */; };
		938942A421E6698800D16A7D /* DetailPokemonCollectionViewCell.swift in Sources */ = {isa = PBXBuildFile; fileRef = 938942A321E6698800D16A7D /* DetailPokemonCollectionViewCell.swift */; };
		938942A621E66E2900D16A7D /* MagicCards.swift in Sources */ = {isa = PBXBuildFile; fileRef = 938942A521E66E2900D16A7D /* MagicCards.swift */; };
		938942A821E6879100D16A7D /* DetailMagicCollectionViewCell.swift in Sources */ = {isa = PBXBuildFile; fileRef = 938942A721E6879100D16A7D /* DetailMagicCollectionViewCell.swift */; };
		938942AA21E68BC100D16A7D /* PokemonCards.swift in Sources */ = {isa = PBXBuildFile; fileRef = 938942A921E68BC100D16A7D /* PokemonCards.swift */; };
		938942AC21E68CEF00D16A7D /* MagicAPIClient.swift in Sources */ = {isa = PBXBuildFile; fileRef = 938942AB21E68CEF00D16A7D /* MagicAPIClient.swift */; };
		938942AE21E690B500D16A7D /* PokemonAPIClient.swift in Sources */ = {isa = PBXBuildFile; fileRef = 938942AD21E690B500D16A7D /* PokemonAPIClient.swift */; };
		938942B021E6A73100D16A7D /* PokemonViewController.swift in Sources */ = {isa = PBXBuildFile; fileRef = 938942AF21E6A73100D16A7D /* PokemonViewController.swift */; };
		93ADF63921E65C7400092DCB /* AppDelegate.swift in Sources */ = {isa = PBXBuildFile; fileRef = 93ADF63821E65C7400092DCB /* AppDelegate.swift */; };
		93ADF63B21E65C7400092DCB /* MagicViewController.swift in Sources */ = {isa = PBXBuildFile; fileRef = 93ADF63A21E65C7400092DCB /* MagicViewController.swift */; };
		93ADF63E21E65C7400092DCB /* Main.storyboard in Resources */ = {isa = PBXBuildFile; fileRef = 93ADF63C21E65C7400092DCB /* Main.storyboard */; };
		93ADF64021E65C7500092DCB /* Assets.xcassets in Resources */ = {isa = PBXBuildFile; fileRef = 93ADF63F21E65C7500092DCB /* Assets.xcassets */; };
		93ADF64321E65C7500092DCB /* LaunchScreen.storyboard in Resources */ = {isa = PBXBuildFile; fileRef = 93ADF64121E65C7500092DCB /* LaunchScreen.storyboard */; };
		93ADF65021E65CC500092DCB /* ImageHelper.swift in Sources */ = {isa = PBXBuildFile; fileRef = 93ADF64F21E65CC500092DCB /* ImageHelper.swift */; };
		93ADF65221E65D3000092DCB /* AppError.swift in Sources */ = {isa = PBXBuildFile; fileRef = 93ADF65121E65D3000092DCB /* AppError.swift */; };
		93ADF65421E65D4200092DCB /* NetworkHelper.swift in Sources */ = {isa = PBXBuildFile; fileRef = 93ADF65321E65D4200092DCB /* NetworkHelper.swift */; };
/* End PBXBuildFile section */

/* Begin PBXFileReference section */
		9389429B21E668F300D16A7D /* MagicCollectionViewCell.swift */ = {isa = PBXFileReference; lastKnownFileType = sourcecode.swift; path = MagicCollectionViewCell.swift; sourceTree = "<group>"; };
		9389429D21E6690200D16A7D /* PokemonCollectionViewCell.swift */ = {isa = PBXFileReference; lastKnownFileType = sourcecode.swift; path = PokemonCollectionViewCell.swift; sourceTree = "<group>"; };
		9389429F21E6692C00D16A7D /* DetailMagicViewController.swift */ = {isa = PBXFileReference; lastKnownFileType = sourcecode.swift; path = DetailMagicViewController.swift; sourceTree = "<group>"; };
		938942A121E6693A00D16A7D /* DetailPokemonViewController.swift */ = {isa = PBXFileReference; lastKnownFileType = sourcecode.swift; path = DetailPokemonViewController.swift; sourceTree = "<group>"; };
		938942A321E6698800D16A7D /* DetailPokemonCollectionViewCell.swift */ = {isa = PBXFileReference; lastKnownFileType = sourcecode.swift; path = DetailPokemonCollectionViewCell.swift; sourceTree = "<group>"; };
		938942A521E66E2900D16A7D /* MagicCards.swift */ = {isa = PBXFileReference; lastKnownFileType = sourcecode.swift; path = MagicCards.swift; sourceTree = "<group>"; };
		938942A721E6879100D16A7D /* DetailMagicCollectionViewCell.swift */ = {isa = PBXFileReference; lastKnownFileType = sourcecode.swift; path = DetailMagicCollectionViewCell.swift; sourceTree = "<group>"; };
		938942A921E68BC100D16A7D /* PokemonCards.swift */ = {isa = PBXFileReference; lastKnownFileType = sourcecode.swift; path = PokemonCards.swift; sourceTree = "<group>"; };
		938942AB21E68CEF00D16A7D /* MagicAPIClient.swift */ = {isa = PBXFileReference; lastKnownFileType = sourcecode.swift; path = MagicAPIClient.swift; sourceTree = "<group>"; };
		938942AD21E690B500D16A7D /* PokemonAPIClient.swift */ = {isa = PBXFileReference; lastKnownFileType = sourcecode.swift; path = PokemonAPIClient.swift; sourceTree = "<group>"; };
		938942AF21E6A73100D16A7D /* PokemonViewController.swift */ = {isa = PBXFileReference; lastKnownFileType = sourcecode.swift; path = PokemonViewController.swift; sourceTree = "<group>"; };
		938942B121E7DF7300D16A7D /* README.md */ = {isa = PBXFileReference; lastKnownFileType = net.daringfireball.markdown; path = README.md; sourceTree = "<group>"; };
		93ADF63521E65C7400092DCB /* TCGAppBD.app */ = {isa = PBXFileReference; explicitFileType = wrapper.application; includeInIndex = 0; path = TCGAppBD.app; sourceTree = BUILT_PRODUCTS_DIR; };
		93ADF63821E65C7400092DCB /* AppDelegate.swift */ = {isa = PBXFileReference; lastKnownFileType = sourcecode.swift; path = AppDelegate.swift; sourceTree = "<group>"; };
		93ADF63A21E65C7400092DCB /* MagicViewController.swift */ = {isa = PBXFileReference; lastKnownFileType = sourcecode.swift; path = MagicViewController.swift; sourceTree = "<group>"; };
		93ADF63D21E65C7400092DCB /* Base */ = {isa = PBXFileReference; lastKnownFileType = file.storyboard; name = Base; path = Base.lproj/Main.storyboard; sourceTree = "<group>"; };
		93ADF63F21E65C7500092DCB /* Assets.xcassets */ = {isa = PBXFileReference; lastKnownFileType = folder.assetcatalog; path = Assets.xcassets; sourceTree = "<group>"; };
		93ADF64221E65C7500092DCB /* Base */ = {isa = PBXFileReference; lastKnownFileType = file.storyboard; name = Base; path = Base.lproj/LaunchScreen.storyboard; sourceTree = "<group>"; };
		93ADF64421E65C7500092DCB /* Info.plist */ = {isa = PBXFileReference; lastKnownFileType = text.plist.xml; path = Info.plist; sourceTree = "<group>"; };
		93ADF64F21E65CC500092DCB /* ImageHelper.swift */ = {isa = PBXFileReference; lastKnownFileType = sourcecode.swift; path = ImageHelper.swift; sourceTree = "<group>"; };
		93ADF65121E65D3000092DCB /* AppError.swift */ = {isa = PBXFileReference; lastKnownFileType = sourcecode.swift; path = AppError.swift; sourceTree = "<group>"; };
		93ADF65321E65D4200092DCB /* NetworkHelper.swift */ = {isa = PBXFileReference; lastKnownFileType = sourcecode.swift; path = NetworkHelper.swift; sourceTree = "<group>"; };
/* End PBXFileReference section */

/* Begin PBXFrameworksBuildPhase section */
		93ADF63221E65C7400092DCB /* Frameworks */ = {
			isa = PBXFrameworksBuildPhase;
			buildActionMask = 2147483647;
			files = (
			);
			runOnlyForDeploymentPostprocessing = 0;
		};
/* End PBXFrameworksBuildPhase section */

/* Begin PBXGroup section */
		93ADF62C21E65C7400092DCB = {
			isa = PBXGroup;
			children = (
				93ADF63721E65C7400092DCB /* TCGAppBD */,
				93ADF63621E65C7400092DCB /* Products */,
			);
			sourceTree = "<group>";
		};
		93ADF63621E65C7400092DCB /* Products */ = {
			isa = PBXGroup;
			children = (
				93ADF63521E65C7400092DCB /* TCGAppBD.app */,
			);
			name = Products;
			sourceTree = "<group>";
		};
		93ADF63721E65C7400092DCB /* TCGAppBD */ = {
			isa = PBXGroup;
			children = (
				93ADF64C21E65C9300092DCB /* Supporting Files */,
				93ADF64A21E65C7C00092DCB /* Controller */,
				93ADF64B21E65C8300092DCB /* View */,
				93ADF64D21E65CA500092DCB /* Model */,
				93ADF64E21E65CB400092DCB /* Network Services */,
				93ADF64421E65C7500092DCB /* Info.plist */,
				938942B121E7DF7300D16A7D /* README.md */,
			);
			path = TCGAppBD;
			sourceTree = "<group>";
		};
		93ADF64A21E65C7C00092DCB /* Controller */ = {
			isa = PBXGroup;
			children = (
				93ADF63A21E65C7400092DCB /* MagicViewController.swift */,
				9389429B21E668F300D16A7D /* MagicCollectionViewCell.swift */,
				9389429F21E6692C00D16A7D /* DetailMagicViewController.swift */,
				938942A721E6879100D16A7D /* DetailMagicCollectionViewCell.swift */,
				938942AF21E6A73100D16A7D /* PokemonViewController.swift */,
				9389429D21E6690200D16A7D /* PokemonCollectionViewCell.swift */,
				938942A121E6693A00D16A7D /* DetailPokemonViewController.swift */,
				938942A321E6698800D16A7D /* DetailPokemonCollectionViewCell.swift */,
			);
			path = Controller;
			sourceTree = "<group>";
		};
		93ADF64B21E65C8300092DCB /* View */ = {
			isa = PBXGroup;
			children = (
				93ADF63C21E65C7400092DCB /* Main.storyboard */,
			);
			path = View;
			sourceTree = "<group>";
		};
		93ADF64C21E65C9300092DCB /* Supporting Files */ = {
			isa = PBXGroup;
			children = (
				93ADF63821E65C7400092DCB /* AppDelegate.swift */,
				93ADF63F21E65C7500092DCB /* Assets.xcassets */,
				93ADF64121E65C7500092DCB /* LaunchScreen.storyboard */,
			);
			path = "Supporting Files";
			sourceTree = "<group>";
		};
		93ADF64D21E65CA500092DCB /* Model */ = {
			isa = PBXGroup;
			children = (
				938942A521E66E2900D16A7D /* MagicCards.swift */,
				938942A921E68BC100D16A7D /* PokemonCards.swift */,
			);
			path = Model;
			sourceTree = "<group>";
		};
		93ADF64E21E65CB400092DCB /* Network Services */ = {
			isa = PBXGroup;
			children = (
				93ADF64F21E65CC500092DCB /* ImageHelper.swift */,
				93ADF65121E65D3000092DCB /* AppError.swift */,
				93ADF65321E65D4200092DCB /* NetworkHelper.swift */,
				938942AB21E68CEF00D16A7D /* MagicAPIClient.swift */,
				938942AD21E690B500D16A7D /* PokemonAPIClient.swift */,
			);
			path = "Network Services";
			sourceTree = "<group>";
		};
/* End PBXGroup section */

/* Begin PBXNativeTarget section */
		93ADF63421E65C7400092DCB /* TCGAppBD */ = {
			isa = PBXNativeTarget;
			buildConfigurationList = 93ADF64721E65C7500092DCB /* Build configuration list for PBXNativeTarget "TCGAppBD" */;
			buildPhases = (
				93ADF63121E65C7400092DCB /* Sources */,
				93ADF63221E65C7400092DCB /* Frameworks */,
				93ADF63321E65C7400092DCB /* Resources */,
			);
			buildRules = (
			);
			dependencies = (
			);
			name = TCGAppBD;
			productName = TCGAppBD;
			productReference = 93ADF63521E65C7400092DCB /* TCGAppBD.app */;
			productType = "com.apple.product-type.application";
		};
/* End PBXNativeTarget section */

/* Begin PBXProject section */
		93ADF62D21E65C7400092DCB /* Project object */ = {
			isa = PBXProject;
			attributes = {
				LastSwiftUpdateCheck = 1000;
				LastUpgradeCheck = 1000;
				ORGANIZATIONNAME = Pursuit;
				TargetAttributes = {
					93ADF63421E65C7400092DCB = {
						CreatedOnToolsVersion = 10.0;
					};
				};
			};
			buildConfigurationList = 93ADF63021E65C7400092DCB /* Build configuration list for PBXProject "TCGAppBD" */;
			compatibilityVersion = "Xcode 9.3";
			developmentRegion = en;
			hasScannedForEncodings = 0;
			knownRegions = (
				en,
				Base,
			);
			mainGroup = 93ADF62C21E65C7400092DCB;
			productRefGroup = 93ADF63621E65C7400092DCB /* Products */;
			projectDirPath = "";
			projectRoot = "";
			targets = (
				93ADF63421E65C7400092DCB /* TCGAppBD */,
			);
		};
/* End PBXProject section */

/* Begin PBXResourcesBuildPhase section */
		93ADF63321E65C7400092DCB /* Resources */ = {
			isa = PBXResourcesBuildPhase;
			buildActionMask = 2147483647;
			files = (
				93ADF64321E65C7500092DCB /* LaunchScreen.storyboard in Resources */,
				93ADF64021E65C7500092DCB /* Assets.xcassets in Resources */,
				93ADF63E21E65C7400092DCB /* Main.storyboard in Resources */,
			);
			runOnlyForDeploymentPostprocessing = 0;
		};
/* End PBXResourcesBuildPhase section */

/* Begin PBXSourcesBuildPhase section */
		93ADF63121E65C7400092DCB /* Sources */ = {
			isa = PBXSourcesBuildPhase;
			buildActionMask = 2147483647;
			files = (
				938942A821E6879100D16A7D /* DetailMagicCollectionViewCell.swift in Sources */,
				9389429C21E668F300D16A7D /* MagicCollectionViewCell.swift in Sources */,
				938942A621E66E2900D16A7D /* MagicCards.swift in Sources */,
				938942AE21E690B500D16A7D /* PokemonAPIClient.swift in Sources */,
				93ADF65221E65D3000092DCB /* AppError.swift in Sources */,
				9389429E21E6690200D16A7D /* PokemonCollectionViewCell.swift in Sources */,
				938942AC21E68CEF00D16A7D /* MagicAPIClient.swift in Sources */,
				938942A021E6692C00D16A7D /* DetailMagicViewController.swift in Sources */,
				938942A421E6698800D16A7D /* DetailPokemonCollectionViewCell.swift in Sources */,
				93ADF63B21E65C7400092DCB /* MagicViewController.swift in Sources */,
				93ADF65421E65D4200092DCB /* NetworkHelper.swift in Sources */,
				938942A221E6693A00D16A7D /* DetailPokemonViewController.swift in Sources */,
				93ADF63921E65C7400092DCB /* AppDelegate.swift in Sources */,
				93ADF65021E65CC500092DCB /* ImageHelper.swift in Sources */,
				938942B021E6A73100D16A7D /* PokemonViewController.swift in Sources */,
				938942AA21E68BC100D16A7D /* PokemonCards.swift in Sources */,
			);
			runOnlyForDeploymentPostprocessing = 0;
		};
/* End PBXSourcesBuildPhase section */

/* Begin PBXVariantGroup section */
		93ADF63C21E65C7400092DCB /* Main.storyboard */ = {
			isa = PBXVariantGroup;
			children = (
				93ADF63D21E65C7400092DCB /* Base */,
			);
			name = Main.storyboard;
			sourceTree = "<group>";
		};
		93ADF64121E65C7500092DCB /* LaunchScreen.storyboard */ = {
			isa = PBXVariantGroup;
			children = (
				93ADF64221E65C7500092DCB /* Base */,
			);
			name = LaunchScreen.storyboard;
			sourceTree = "<group>";
		};
/* End PBXVariantGroup section */

/* Begin XCBuildConfiguration section */
		93ADF64521E65C7500092DCB /* Debug */ = {
			isa = XCBuildConfiguration;
			buildSettings = {
				ALWAYS_SEARCH_USER_PATHS = NO;
				CLANG_ANALYZER_NONNULL = YES;
				CLANG_ANALYZER_NUMBER_OBJECT_CONVERSION = YES_AGGRESSIVE;
				CLANG_CXX_LANGUAGE_STANDARD = "gnu++14";
				CLANG_CXX_LIBRARY = "libc++";
				CLANG_ENABLE_MODULES = YES;
				CLANG_ENABLE_OBJC_ARC = YES;
				CLANG_ENABLE_OBJC_WEAK = YES;
				CLANG_WARN_BLOCK_CAPTURE_AUTORELEASING = YES;
				CLANG_WARN_BOOL_CONVERSION = YES;
				CLANG_WARN_COMMA = YES;
				CLANG_WARN_CONSTANT_CONVERSION = YES;
				CLANG_WARN_DEPRECATED_OBJC_IMPLEMENTATIONS = YES;
				CLANG_WARN_DIRECT_OBJC_ISA_USAGE = YES_ERROR;
				CLANG_WARN_DOCUMENTATION_COMMENTS = YES;
				CLANG_WARN_EMPTY_BODY = YES;
				CLANG_WARN_ENUM_CONVERSION = YES;
				CLANG_WARN_INFINITE_RECURSION = YES;
				CLANG_WARN_INT_CONVERSION = YES;
				CLANG_WARN_NON_LITERAL_NULL_CONVERSION = YES;
				CLANG_WARN_OBJC_IMPLICIT_RETAIN_SELF = YES;
				CLANG_WARN_OBJC_LITERAL_CONVERSION = YES;
				CLANG_WARN_OBJC_ROOT_CLASS = YES_ERROR;
				CLANG_WARN_RANGE_LOOP_ANALYSIS = YES;
				CLANG_WARN_STRICT_PROTOTYPES = YES;
				CLANG_WARN_SUSPICIOUS_MOVE = YES;
				CLANG_WARN_UNGUARDED_AVAILABILITY = YES_AGGRESSIVE;
				CLANG_WARN_UNREACHABLE_CODE = YES;
				CLANG_WARN__DUPLICATE_METHOD_MATCH = YES;
				CODE_SIGN_IDENTITY = "iPhone Developer";
				COPY_PHASE_STRIP = NO;
				DEBUG_INFORMATION_FORMAT = dwarf;
				ENABLE_STRICT_OBJC_MSGSEND = YES;
				ENABLE_TESTABILITY = YES;
				GCC_C_LANGUAGE_STANDARD = gnu11;
				GCC_DYNAMIC_NO_PIC = NO;
				GCC_NO_COMMON_BLOCKS = YES;
				GCC_OPTIMIZATION_LEVEL = 0;
				GCC_PREPROCESSOR_DEFINITIONS = (
					"DEBUG=1",
					"$(inherited)",
				);
				GCC_WARN_64_TO_32_BIT_CONVERSION = YES;
				GCC_WARN_ABOUT_RETURN_TYPE = YES_ERROR;
				GCC_WARN_UNDECLARED_SELECTOR = YES;
				GCC_WARN_UNINITIALIZED_AUTOS = YES_AGGRESSIVE;
				GCC_WARN_UNUSED_FUNCTION = YES;
				GCC_WARN_UNUSED_VARIABLE = YES;
				IPHONEOS_DEPLOYMENT_TARGET = 12.0;
				MTL_ENABLE_DEBUG_INFO = INCLUDE_SOURCE;
				MTL_FAST_MATH = YES;
				ONLY_ACTIVE_ARCH = YES;
				SDKROOT = iphoneos;
				SWIFT_ACTIVE_COMPILATION_CONDITIONS = DEBUG;
				SWIFT_OPTIMIZATION_LEVEL = "-Onone";
			};
			name = Debug;
		};
		93ADF64621E65C7500092DCB /* Release */ = {
			isa = XCBuildConfiguration;
			buildSettings = {
				ALWAYS_SEARCH_USER_PATHS = NO;
				CLANG_ANALYZER_NONNULL = YES;
				CLANG_ANALYZER_NUMBER_OBJECT_CONVERSION = YES_AGGRESSIVE;
				CLANG_CXX_LANGUAGE_STANDARD = "gnu++14";
				CLANG_CXX_LIBRARY = "libc++";
				CLANG_ENABLE_MODULES = YES;
				CLANG_ENABLE_OBJC_ARC = YES;
				CLANG_ENABLE_OBJC_WEAK = YES;
				CLANG_WARN_BLOCK_CAPTURE_AUTORELEASING = YES;
				CLANG_WARN_BOOL_CONVERSION = YES;
				CLANG_WARN_COMMA = YES;
				CLANG_WARN_CONSTANT_CONVERSION = YES;
				CLANG_WARN_DEPRECATED_OBJC_IMPLEMENTATIONS = YES;
				CLANG_WARN_DIRECT_OBJC_ISA_USAGE = YES_ERROR;
				CLANG_WARN_DOCUMENTATION_COMMENTS = YES;
				CLANG_WARN_EMPTY_BODY = YES;
				CLANG_WARN_ENUM_CONVERSION = YES;
				CLANG_WARN_INFINITE_RECURSION = YES;
				CLANG_WARN_INT_CONVERSION = YES;
				CLANG_WARN_NON_LITERAL_NULL_CONVERSION = YES;
				CLANG_WARN_OBJC_IMPLICIT_RETAIN_SELF = YES;
				CLANG_WARN_OBJC_LITERAL_CONVERSION = YES;
				CLANG_WARN_OBJC_ROOT_CLASS = YES_ERROR;
				CLANG_WARN_RANGE_LOOP_ANALYSIS = YES;
				CLANG_WARN_STRICT_PROTOTYPES = YES;
				CLANG_WARN_SUSPICIOUS_MOVE = YES;
				CLANG_WARN_UNGUARDED_AVAILABILITY = YES_AGGRESSIVE;
				CLANG_WARN_UNREACHABLE_CODE = YES;
				CLANG_WARN__DUPLICATE_METHOD_MATCH = YES;
				CODE_SIGN_IDENTITY = "iPhone Developer";
				COPY_PHASE_STRIP = NO;
				DEBUG_INFORMATION_FORMAT = "dwarf-with-dsym";
				ENABLE_NS_ASSERTIONS = NO;
				ENABLE_STRICT_OBJC_MSGSEND = YES;
				GCC_C_LANGUAGE_STANDARD = gnu11;
				GCC_NO_COMMON_BLOCKS = YES;
				GCC_WARN_64_TO_32_BIT_CONVERSION = YES;
				GCC_WARN_ABOUT_RETURN_TYPE = YES_ERROR;
				GCC_WARN_UNDECLARED_SELECTOR = YES;
				GCC_WARN_UNINITIALIZED_AUTOS = YES_AGGRESSIVE;
				GCC_WARN_UNUSED_FUNCTION = YES;
				GCC_WARN_UNUSED_VARIABLE = YES;
				IPHONEOS_DEPLOYMENT_TARGET = 12.0;
				MTL_ENABLE_DEBUG_INFO = NO;
				MTL_FAST_MATH = YES;
				SDKROOT = iphoneos;
				SWIFT_COMPILATION_MODE = wholemodule;
				SWIFT_OPTIMIZATION_LEVEL = "-O";
				VALIDATE_PRODUCT = YES;
			};
			name = Release;
		};
		93ADF64821E65C7500092DCB /* Debug */ = {
			isa = XCBuildConfiguration;
			buildSettings = {
				ASSETCATALOG_COMPILER_APPICON_NAME = AppIcon;
				CODE_SIGN_STYLE = Automatic;
				DEVELOPMENT_TEAM = RLKBJ6J8GQ;
				INFOPLIST_FILE = TCGAppBD/Info.plist;
				LD_RUNPATH_SEARCH_PATHS = (
					"$(inherited)",
					"@executable_path/Frameworks",
				);
				PRODUCT_BUNDLE_IDENTIFIER = org.pursuit.TCGAppBD;
				PRODUCT_NAME = "$(TARGET_NAME)";
				SWIFT_VERSION = 4.2;
				TARGETED_DEVICE_FAMILY = "1,2";
			};
			name = Debug;
		};
		93ADF64921E65C7500092DCB /* Release */ = {
			isa = XCBuildConfiguration;
			buildSettings = {
				ASSETCATALOG_COMPILER_APPICON_NAME = AppIcon;
				CODE_SIGN_STYLE = Automatic;
				DEVELOPMENT_TEAM = RLKBJ6J8GQ;
				INFOPLIST_FILE = TCGAppBD/Info.plist;
				LD_RUNPATH_SEARCH_PATHS = (
					"$(inherited)",
					"@executable_path/Frameworks",
				);
				PRODUCT_BUNDLE_IDENTIFIER = org.pursuit.TCGAppBD;
				PRODUCT_NAME = "$(TARGET_NAME)";
				SWIFT_VERSION = 4.2;
				TARGETED_DEVICE_FAMILY = "1,2";
			};
			name = Release;
		};
/* End XCBuildConfiguration section */

/* Begin XCConfigurationList section */
		93ADF63021E65C7400092DCB /* Build configuration list for PBXProject "TCGAppBD" */ = {
			isa = XCConfigurationList;
			buildConfigurations = (
				93ADF64521E65C7500092DCB /* Debug */,
				93ADF64621E65C7500092DCB /* Release */,
			);
			defaultConfigurationIsVisible = 0;
			defaultConfigurationName = Release;
		};
		93ADF64721E65C7500092DCB /* Build configuration list for PBXNativeTarget "TCGAppBD" */ = {
			isa = XCConfigurationList;
			buildConfigurations = (
				93ADF64821E65C7500092DCB /* Debug */,
				93ADF64921E65C7500092DCB /* Release */,
			);
			defaultConfigurationIsVisible = 0;
			defaultConfigurationName = Release;
		};
/* End XCConfigurationList section */
	};
	rootObject = 93ADF62D21E65C7400092DCB /* Project object */;
}
